{
    "name": "mybot-heroku",
    "version": "1.0.0",
    "lockfileVersion": 2,
    "requires": true,
    "packages": {
        "": {
            "name": "mybot-heroku",
            "version": "1.0.0",
            "license": "MIT",
            "dependencies": {
                "discord.js": "^11.6.4"
            },
            "engines": {
                "node": "8.x",
                "npm": "*"
            }
        },
        "node_modules/@discordjs/uws": {
            "version": "10.149.0",
            "hasInstallScript": true,
            "license": "Zlib",
            "peer": true,
            "engines": {
                "node": ">=6.0.0"
            }
        },
        "node_modules/async-limiter": {
            "version": "1.0.1",
            "license": "MIT"
        },
        "node_modules/discord.js": {
            "version": "11.6.4",
            "license": "Apache-2.0",
            "dependencies": {
                "long": "^4.0.0",
                "prism-media": "^0.0.4",
                "snekfetch": "^3.6.4",
                "tweetnacl": "^1.0.0",
                "ws": "^6.0.0"
            },
            "engines": {
                "node": ">=6.0.0"
            },
            "peerDependencies": {
                "@discordjs/opus": "^0.1.0",
                "@discordjs/uws": "^10.149.0",
                "bufferutil": "^4.0.0",
                "erlpack": "discordapp/erlpack",
                "libsodium-wrappers": "^0.7.3",
                "node-opus": "^0.2.7",
                "opusscript": "^0.0.6",
                "sodium": "^2.0.3"
            },
            "peerDependenciesMeta": {
                "@discordjs/opus": {
                    "optional": true
                },
                "bufferutil": {
                    "optional": true
                },
                "erlpack": {
                    "optional": true
                },
                "libsodium-wrappers": {
                    "optional": true
                },
                "node-opus": {
                    "optional": true
                },
                "opusscript": {
                    "optional": true
                },
                "sodium": {
                    "optional": true
                },
                "uws": {
                    "optional": true
                }
            }
        },
        "node_modules/long": {
            "version": "4.0.0",
            "license": "Apache-2.0"
        },
        "node_modules/prism-media": {
            "version": "0.0.4",
            "license": "Apache-2.0"
        },
        "node_modules/snekfetch": {
            "version": "3.6.4",
            "license": "MIT"
        },
        "node_modules/tweetnacl": {
            "version": "1.0.3",
            "license": "Unlicense"
        },
        "node_modules/ws": {
            "version": "6.2.1",
            "license": "MIT",
            "dependencies": {
                "async-limiter": "~1.0.0"
            }
        }
    },
    "dependencies": {
        "@discordjs/uws": {
            "version": "10.149.0",
            "peer": true
        },
        "async-limiter": {
            "version": "1.0.1"
        },
        "discord.js": {
            "version": "11.6.4",
            "requires": {
                "long": "^4.0.0",
                "prism-media": "^0.0.4",
                "snekfetch": "^3.6.4",
                "tweetnacl": "^1.0.0",
                "ws": "^6.0.0"
            }
        },
        "long": {
            "version": "4.0.0"
        },
        "prism-media": {
            "version": "0.0.4"
        },
        "snekfetch": {
            "version": "3.6.4"
        },
        "tweetnacl": {
            "version": "1.0.3"
        },
        "ws": {
            "version": "6.2.1",
            "requires": {
                "async-limiter": "~1.0.0"
            }
        }
    }
}
